
Microsoft Visual Studio Solution File, Format Version 12.00
# Visual Studio Version 17
VisualStudioVersion = 17.14.36414.22
MinimumVisualStudioVersion = 10.0.40219.1
Project("{2150E333-8FDC-42A3-9474-1A3956D46DE8}") = "Task0", "Task0", "{02EA681E-C7D8-13C7-8484-4AC65E1B71E8}"
EndProject
Project("{FAE04EC0-301F-11D3-BF4B-00C04F79EFBC}") = "Tyuiu.GolovanovDO.Sprint0.Task0.V0", "Tyuiu.GolovanovDO.Sprint0.Task0.V0\Tyuiu.GolovanovDO.Sprint0.Task0.V0.csproj", "{3027F854-C54D-4289-B2C1-BFADBDD27F82}"
EndProject
Project("{2150E333-8FDC-42A3-9474-1A3956D46DE8}") = "Task1", "Task1", "{2AA94119-BC61-44DB-B3D4-2712CC5EAC40}"
EndProject
Project("{FAE04EC0-301F-11D3-BF4B-00C04F79EFBC}") = "Tyuiu.GolovanovDO.Sprint0.Task1.V0", "Tyuiu.GolovanovDO.Sprint0.Task1.V0\Tyuiu.GolovanovDO.Sprint0.Task1.V0.csproj", "{B65F38D0-C3A8-4984-BFDA-1249E9DAD244}"
EndProject
Global
	GlobalSection(SolutionConfigurationPlatforms) = preSolution
		Debug|Any CPU = Debug|Any CPU
		Release|Any CPU = Release|Any CPU
	EndGlobalSection
	GlobalSection(ProjectConfigurationPlatforms) = postSolution
		{3027F854-C54D-4289-B2C1-BFADBDD27F82}.Debug|Any CPU.ActiveCfg = Debug|Any CPU
		{3027F854-C54D-4289-B2C1-BFADBDD27F82}.Debug|Any CPU.Build.0 = Debug|Any CPU
		{3027F854-C54D-4289-B2C1-BFADBDD27F82}.Release|Any CPU.ActiveCfg = Release|Any CPU
		{3027F854-C54D-4289-B2C1-BFADBDD27F82}.Release|Any CPU.Build.0 = Release|Any CPU
		{B65F38D0-C3A8-4984-BFDA-1249E9DAD244}.Debug|Any CPU.ActiveCfg = Debug|Any CPU
		{B65F38D0-C3A8-4984-BFDA-1249E9DAD244}.Debug|Any CPU.Build.0 = Debug|Any CPU
		{B65F38D0-C3A8-4984-BFDA-1249E9DAD244}.Release|Any CPU.ActiveCfg = Release|Any CPU
		{B65F38D0-C3A8-4984-BFDA-1249E9DAD244}.Release|Any CPU.Build.0 = Release|Any CPU
	EndGlobalSection
	GlobalSection(SolutionProperties) = preSolution
		HideSolutionNode = FALSE
	EndGlobalSection
	GlobalSection(NestedProjects) = preSolution
		{3027F854-C54D-4289-B2C1-BFADBDD27F82} = {02EA681E-C7D8-13C7-8484-4AC65E1B71E8}
		{B65F38D0-C3A8-4984-BFDA-1249E9DAD244} = {2AA94119-BC61-44DB-B3D4-2712CC5EAC40}
	EndGlobalSection
	GlobalSection(ExtensibilityGlobals) = postSolution
		SolutionGuid = {42C059E7-08CB-4E49-A608-CB4B5C8BB2C5}
	EndGlobalSection
EndGlobal
