
Microsoft Visual Studio Solution File, Format Version 12.00
# Visual Studio Version 17
VisualStudioVersion = 17.14.36414.22
MinimumVisualStudioVersion = 10.0.40219.1
Project("{2150E333-8FDC-42A3-9474-1A3956D46DE8}") = "Task0", "Task0", "{02EA681E-C7D8-13C7-8484-4AC65E1B71E8}"
EndProject
Project("{FAE04EC0-301F-11D3-BF4B-00C04F79EFBC}") = "Tyuiu.GolovanovDO.Sprint0.Task0.V0", "Tyuiu.GolovanovDO.Sprint0.Task0.V0\Tyuiu.GolovanovDO.Sprint0.Task0.V0.csproj", "{3027F854-C54D-4289-B2C1-BFADBDD27F82}"
EndProject
Project("{2150E333-8FDC-42A3-9474-1A3956D46DE8}") = "Task1", "Task1", "{2AA94119-BC61-44DB-B3D4-2712CC5EAC40}"
EndProject
Project("{FAE04EC0-301F-11D3-BF4B-00C04F79EFBC}") = "Tyuiu.GolovanovDO.Sprint0.Task1.V0", "Tyuiu.GolovanovDO.Sprint0.Task1.V0\Tyuiu.GolovanovDO.Sprint0.Task1.V0.csproj", "{B65F38D0-C3A8-4984-BFDA-1249E9DAD244}"
EndProject
Project("{2150E333-8FDC-42A3-9474-1A3956D46DE8}") = "Task2", "Task2", "{CE896526-B173-43C0-AEF6-7A6502998A9B}"
EndProject
Project("{FAE04EC0-301F-11D3-BF4B-00C04F79EFBC}") = "Tyuiu.GolovanovDO.Task2.V0", "Tyuiu.GolovanovDO.Task2.V0\Tyuiu.GolovanovDO.Task2.V0.csproj", "{5BE8E81B-40B2-4044-AF7A-3CC92F26ED3B}"
EndProject
Project("{FAE04EC0-301F-11D3-BF4B-00C04F79EFBC}") = "Tyuiu.GolovanovDO.Task2.V0.Lib", "Tyuiu.GolovanovDO.Task2.V0.Lib\Tyuiu.GolovanovDO.Task2.V0.Lib.csproj", "{5E3825B2-B13A-4024-8CCA-D8E4D3A01D54}"
EndProject
Project("{FAE04EC0-301F-11D3-BF4B-00C04F79EFBC}") = "Tyuiu.GolovanovDO.Task2.V0.Test", "Tyuiu.GolovanovDO.Task2.V0.Test\Tyuiu.GolovanovDO.Task2.V0.Test.csproj", "{F2AB78C8-BA1A-4F22-937C-ECD26CE7F81C}"
EndProject
Project("{2150E333-8FDC-42A3-9474-1A3956D46DE8}") = "Task3", "Task3", "{C90C5C7F-44D2-456A-B766-764FF1072BE2}"
EndProject
Project("{FAE04EC0-301F-11D3-BF4B-00C04F79EFBC}") = "Tyuiu.GolovanovDO.Sprint0.Task3.V0.Test", "Tyuiu.GolovanovDO.Sprint0.Task3.V0.Test\Tyuiu.GolovanovDO.Sprint0.Task3.V0.Test.csproj", "{9752B9D8-7ECA-48CD-A468-4BBA87F842DE}"
EndProject
Project("{FAE04EC0-301F-11D3-BF4B-00C04F79EFBC}") = "Tyuiu.GolovanovDO.Sprint0.Task3.V0.Lib", "Tyuiu.GolovanovDO.Sprint0.Task3.V0.Lib\Tyuiu.GolovanovDO.Sprint0.Task3.V0.Lib.csproj", "{DA7F853B-C4EE-4C54-BE3A-D9E2AEFBA9EC}"
EndProject
Project("{FAE04EC0-301F-11D3-BF4B-00C04F79EFBC}") = "Tyuiu.GolovanovDO.Sprint0.Task3.V0", "Tyuiu.GolovanovDO.Sprint0.Task3.V0\Tyuiu.GolovanovDO.Sprint0.Task3.V0.csproj", "{BCCAD1E4-26C4-4600-B4DD-6FCE2F6B1913}"
EndProject
Project("{2150E333-8FDC-42A3-9474-1A3956D46DE8}") = "Task4", "Task4", "{73F15A0A-E2A6-4EFD-A3E9-CB596D0A5AEB}"
EndProject
Project("{FAE04EC0-301F-11D3-BF4B-00C04F79EFBC}") = "Tyuiu.GolovanovDO.Sprint0.Task4.V0", "Tyuiu.GolovanovDO.Sprint0.Task4.V0\Tyuiu.GolovanovDO.Sprint0.Task4.V0.csproj", "{8AF5937A-F880-48AD-ADFA-843E81A56891}"
EndProject
Project("{FAE04EC0-301F-11D3-BF4B-00C04F79EFBC}") = "Tyuiu.GolovanovDO.Sprint0.Task4.V0.Lib", "Tyuiu.GolovanovDO.Sprint0.Task4.V0.Lib\Tyuiu.GolovanovDO.Sprint0.Task4.V0.Lib.csproj", "{8301F0A4-C209-426C-AE09-65E1455DF4A4}"
EndProject
Project("{FAE04EC0-301F-11D3-BF4B-00C04F79EFBC}") = "Tyuiu.GolovanovDO.Sprint0.Task4.V0.Test", "Tyuiu.GolovanovDO.Sprint0.Task4.V0.Test\Tyuiu.GolovanovDO.Sprint0.Task4.V0.Test.csproj", "{9CEF5256-2705-493F-B1C4-63306BAFA5BE}"
EndProject
Project("{2150E333-8FDC-42A3-9474-1A3956D46DE8}") = "Task5", "Task5", "{809A3329-1745-4F39-95E5-5E1E9D36D80E}"
EndProject
Project("{FAE04EC0-301F-11D3-BF4B-00C04F79EFBC}") = "Tyuiu.GolovanovDO.Sprint0.Task5.V0", "Tyuiu.GolovanovDO.Sprint0.Task5.V0\Tyuiu.GolovanovDO.Sprint0.Task5.V0.csproj", "{DCFDE216-8DCE-4949-9E32-1AE8989E48A4}"
EndProject
Project("{FAE04EC0-301F-11D3-BF4B-00C04F79EFBC}") = "Tyuiu.GolovanovDO.Sprint0.Task5.V0.Lib", "Tyuiu.GolovanovDO.Sprint0.Task5.V0.Lib\Tyuiu.GolovanovDO.Sprint0.Task5.V0.Lib.csproj", "{97FB1D7D-1DF1-4397-8AFA-234A4008551B}"
EndProject
Project("{FAE04EC0-301F-11D3-BF4B-00C04F79EFBC}") = "Tyuiu.GolovanovDO.Sprint0.Task5.V0.Test", "Tyuiu.GolovanovDO.Sprint0.Task5.V0.Test\Tyuiu.GolovanovDO.Sprint0.Task5.V0.Test.csproj", "{4AFE59A3-30EA-4F7A-AAE8-1CA6BC9AA713}"
EndProject
Project("{2150E333-8FDC-42A3-9474-1A3956D46DE8}") = "Task6", "Task6", "{C0CEEB4E-F33C-4C03-925E-9E8083A053C8}"
EndProject
Project("{FAE04EC0-301F-11D3-BF4B-00C04F79EFBC}") = "Tyuiu.GolovanovDO.Sprint0.Task6.V0", "Tyuiu.GolovanovDO.Sprint0.Task6.V0\Tyuiu.GolovanovDO.Sprint0.Task6.V0.csproj", "{251B97F0-85FE-4D15-965A-24CD7AEFE20C}"
EndProject
Project("{FAE04EC0-301F-11D3-BF4B-00C04F79EFBC}") = "Tyuiu.GolovanovDO.Sprint0.Task6.V0.Lib", "Tyuiu.GolovanovDO.Sprint0.Task6.V0.Lib\Tyuiu.GolovanovDO.Sprint0.Task6.V0.Lib.csproj", "{C2636D18-8B25-4CBA-83F5-A8B5CFE469A5}"
EndProject
Project("{FAE04EC0-301F-11D3-BF4B-00C04F79EFBC}") = "Tyuiu.GolovanovDO.Sprint0.Task6.V0.Test", "Tyuiu.GolovanovDO.Sprint0.Task6.V0.Test\Tyuiu.GolovanovDO.Sprint0.Task6.V0.Test.csproj", "{E5C95F83-8D9A-4787-8B5E-C0A7713BB4FF}"
EndProject
Global
	GlobalSection(SolutionConfigurationPlatforms) = preSolution
		Debug|Any CPU = Debug|Any CPU
		Release|Any CPU = Release|Any CPU
	EndGlobalSection
	GlobalSection(ProjectConfigurationPlatforms) = postSolution
		{3027F854-C54D-4289-B2C1-BFADBDD27F82}.Debug|Any CPU.ActiveCfg = Debug|Any CPU
		{3027F854-C54D-4289-B2C1-BFADBDD27F82}.Debug|Any CPU.Build.0 = Debug|Any CPU
		{3027F854-C54D-4289-B2C1-BFADBDD27F82}.Release|Any CPU.ActiveCfg = Release|Any CPU
		{3027F854-C54D-4289-B2C1-BFADBDD27F82}.Release|Any CPU.Build.0 = Release|Any CPU
		{B65F38D0-C3A8-4984-BFDA-1249E9DAD244}.Debug|Any CPU.ActiveCfg = Debug|Any CPU
		{B65F38D0-C3A8-4984-BFDA-1249E9DAD244}.Debug|Any CPU.Build.0 = Debug|Any CPU
		{B65F38D0-C3A8-4984-BFDA-1249E9DAD244}.Release|Any CPU.ActiveCfg = Release|Any CPU
		{B65F38D0-C3A8-4984-BFDA-1249E9DAD244}.Release|Any CPU.Build.0 = Release|Any CPU
		{5BE8E81B-40B2-4044-AF7A-3CC92F26ED3B}.Debug|Any CPU.ActiveCfg = Debug|Any CPU
		{5BE8E81B-40B2-4044-AF7A-3CC92F26ED3B}.Debug|Any CPU.Build.0 = Debug|Any CPU
		{5BE8E81B-40B2-4044-AF7A-3CC92F26ED3B}.Release|Any CPU.ActiveCfg = Release|Any CPU
		{5BE8E81B-40B2-4044-AF7A-3CC92F26ED3B}.Release|Any CPU.Build.0 = Release|Any CPU
		{5E3825B2-B13A-4024-8CCA-D8E4D3A01D54}.Debug|Any CPU.ActiveCfg = Debug|Any CPU
		{5E3825B2-B13A-4024-8CCA-D8E4D3A01D54}.Debug|Any CPU.Build.0 = Debug|Any CPU
		{5E3825B2-B13A-4024-8CCA-D8E4D3A01D54}.Release|Any CPU.ActiveCfg = Release|Any CPU
		{5E3825B2-B13A-4024-8CCA-D8E4D3A01D54}.Release|Any CPU.Build.0 = Release|Any CPU
		{F2AB78C8-BA1A-4F22-937C-ECD26CE7F81C}.Debug|Any CPU.ActiveCfg = Debug|Any CPU
		{F2AB78C8-BA1A-4F22-937C-ECD26CE7F81C}.Debug|Any CPU.Build.0 = Debug|Any CPU
		{F2AB78C8-BA1A-4F22-937C-ECD26CE7F81C}.Release|Any CPU.ActiveCfg = Release|Any CPU
		{F2AB78C8-BA1A-4F22-937C-ECD26CE7F81C}.Release|Any CPU.Build.0 = Release|Any CPU
		{9752B9D8-7ECA-48CD-A468-4BBA87F842DE}.Debug|Any CPU.ActiveCfg = Debug|Any CPU
		{9752B9D8-7ECA-48CD-A468-4BBA87F842DE}.Debug|Any CPU.Build.0 = Debug|Any CPU
		{9752B9D8-7ECA-48CD-A468-4BBA87F842DE}.Release|Any CPU.ActiveCfg = Release|Any CPU
		{9752B9D8-7ECA-48CD-A468-4BBA87F842DE}.Release|Any CPU.Build.0 = Release|Any CPU
		{DA7F853B-C4EE-4C54-BE3A-D9E2AEFBA9EC}.Debug|Any CPU.ActiveCfg = Debug|Any CPU
		{DA7F853B-C4EE-4C54-BE3A-D9E2AEFBA9EC}.Debug|Any CPU.Build.0 = Debug|Any CPU
		{DA7F853B-C4EE-4C54-BE3A-D9E2AEFBA9EC}.Release|Any CPU.ActiveCfg = Release|Any CPU
		{DA7F853B-C4EE-4C54-BE3A-D9E2AEFBA9EC}.Release|Any CPU.Build.0 = Release|Any CPU
		{BCCAD1E4-26C4-4600-B4DD-6FCE2F6B1913}.Debug|Any CPU.ActiveCfg = Debug|Any CPU
		{BCCAD1E4-26C4-4600-B4DD-6FCE2F6B1913}.Debug|Any CPU.Build.0 = Debug|Any CPU
		{BCCAD1E4-26C4-4600-B4DD-6FCE2F6B1913}.Release|Any CPU.ActiveCfg = Release|Any CPU
		{BCCAD1E4-26C4-4600-B4DD-6FCE2F6B1913}.Release|Any CPU.Build.0 = Release|Any CPU
		{8AF5937A-F880-48AD-ADFA-843E81A56891}.Debug|Any CPU.ActiveCfg = Debug|Any CPU
		{8AF5937A-F880-48AD-ADFA-843E81A56891}.Debug|Any CPU.Build.0 = Debug|Any CPU
		{8AF5937A-F880-48AD-ADFA-843E81A56891}.Release|Any CPU.ActiveCfg = Release|Any CPU
		{8AF5937A-F880-48AD-ADFA-843E81A56891}.Release|Any CPU.Build.0 = Release|Any CPU
		{8301F0A4-C209-426C-AE09-65E1455DF4A4}.Debug|Any CPU.ActiveCfg = Debug|Any CPU
		{8301F0A4-C209-426C-AE09-65E1455DF4A4}.Debug|Any CPU.Build.0 = Debug|Any CPU
		{8301F0A4-C209-426C-AE09-65E1455DF4A4}.Release|Any CPU.ActiveCfg = Release|Any CPU
		{8301F0A4-C209-426C-AE09-65E1455DF4A4}.Release|Any CPU.Build.0 = Release|Any CPU
		{9CEF5256-2705-493F-B1C4-63306BAFA5BE}.Debug|Any CPU.ActiveCfg = Debug|Any CPU
		{9CEF5256-2705-493F-B1C4-63306BAFA5BE}.Debug|Any CPU.Build.0 = Debug|Any CPU
		{9CEF5256-2705-493F-B1C4-63306BAFA5BE}.Release|Any CPU.ActiveCfg = Release|Any CPU
		{9CEF5256-2705-493F-B1C4-63306BAFA5BE}.Release|Any CPU.Build.0 = Release|Any CPU
		{DCFDE216-8DCE-4949-9E32-1AE8989E48A4}.Debug|Any CPU.ActiveCfg = Debug|Any CPU
		{DCFDE216-8DCE-4949-9E32-1AE8989E48A4}.Debug|Any CPU.Build.0 = Debug|Any CPU
		{DCFDE216-8DCE-4949-9E32-1AE8989E48A4}.Release|Any CPU.ActiveCfg = Release|Any CPU
		{DCFDE216-8DCE-4949-9E32-1AE8989E48A4}.Release|Any CPU.Build.0 = Release|Any CPU
		{97FB1D7D-1DF1-4397-8AFA-234A4008551B}.Debug|Any CPU.ActiveCfg = Debug|Any CPU
		{97FB1D7D-1DF1-4397-8AFA-234A4008551B}.Debug|Any CPU.Build.0 = Debug|Any CPU
		{97FB1D7D-1DF1-4397-8AFA-234A4008551B}.Release|Any CPU.ActiveCfg = Release|Any CPU
		{97FB1D7D-1DF1-4397-8AFA-234A4008551B}.Release|Any CPU.Build.0 = Release|Any CPU
		{4AFE59A3-30EA-4F7A-AAE8-1CA6BC9AA713}.Debug|Any CPU.ActiveCfg = Debug|Any CPU
		{4AFE59A3-30EA-4F7A-AAE8-1CA6BC9AA713}.Debug|Any CPU.Build.0 = Debug|Any CPU
		{4AFE59A3-30EA-4F7A-AAE8-1CA6BC9AA713}.Release|Any CPU.ActiveCfg = Release|Any CPU
		{4AFE59A3-30EA-4F7A-AAE8-1CA6BC9AA713}.Release|Any CPU.Build.0 = Release|Any CPU
		{251B97F0-85FE-4D15-965A-24CD7AEFE20C}.Debug|Any CPU.ActiveCfg = Debug|Any CPU
		{251B97F0-85FE-4D15-965A-24CD7AEFE20C}.Debug|Any CPU.Build.0 = Debug|Any CPU
		{251B97F0-85FE-4D15-965A-24CD7AEFE20C}.Release|Any CPU.ActiveCfg = Release|Any CPU
		{251B97F0-85FE-4D15-965A-24CD7AEFE20C}.Release|Any CPU.Build.0 = Release|Any CPU
		{C2636D18-8B25-4CBA-83F5-A8B5CFE469A5}.Debug|Any CPU.ActiveCfg = Debug|Any CPU
		{C2636D18-8B25-4CBA-83F5-A8B5CFE469A5}.Debug|Any CPU.Build.0 = Debug|Any CPU
		{C2636D18-8B25-4CBA-83F5-A8B5CFE469A5}.Release|Any CPU.ActiveCfg = Release|Any CPU
		{C2636D18-8B25-4CBA-83F5-A8B5CFE469A5}.Release|Any CPU.Build.0 = Release|Any CPU
		{E5C95F83-8D9A-4787-8B5E-C0A7713BB4FF}.Debug|Any CPU.ActiveCfg = Debug|Any CPU
		{E5C95F83-8D9A-4787-8B5E-C0A7713BB4FF}.Debug|Any CPU.Build.0 = Debug|Any CPU
		{E5C95F83-8D9A-4787-8B5E-C0A7713BB4FF}.Release|Any CPU.ActiveCfg = Release|Any CPU
		{E5C95F83-8D9A-4787-8B5E-C0A7713BB4FF}.Release|Any CPU.Build.0 = Release|Any CPU
	EndGlobalSection
	GlobalSection(SolutionProperties) = preSolution
		HideSolutionNode = FALSE
	EndGlobalSection
	GlobalSection(NestedProjects) = preSolution
		{3027F854-C54D-4289-B2C1-BFADBDD27F82} = {02EA681E-C7D8-13C7-8484-4AC65E1B71E8}
		{B65F38D0-C3A8-4984-BFDA-1249E9DAD244} = {2AA94119-BC61-44DB-B3D4-2712CC5EAC40}
		{5BE8E81B-40B2-4044-AF7A-3CC92F26ED3B} = {CE896526-B173-43C0-AEF6-7A6502998A9B}
		{5E3825B2-B13A-4024-8CCA-D8E4D3A01D54} = {CE896526-B173-43C0-AEF6-7A6502998A9B}
		{F2AB78C8-BA1A-4F22-937C-ECD26CE7F81C} = {CE896526-B173-43C0-AEF6-7A6502998A9B}
		{9752B9D8-7ECA-48CD-A468-4BBA87F842DE} = {C90C5C7F-44D2-456A-B766-764FF1072BE2}
		{DA7F853B-C4EE-4C54-BE3A-D9E2AEFBA9EC} = {C90C5C7F-44D2-456A-B766-764FF1072BE2}
		{BCCAD1E4-26C4-4600-B4DD-6FCE2F6B1913} = {C90C5C7F-44D2-456A-B766-764FF1072BE2}
		{8AF5937A-F880-48AD-ADFA-843E81A56891} = {73F15A0A-E2A6-4EFD-A3E9-CB596D0A5AEB}
		{8301F0A4-C209-426C-AE09-65E1455DF4A4} = {73F15A0A-E2A6-4EFD-A3E9-CB596D0A5AEB}
		{9CEF5256-2705-493F-B1C4-63306BAFA5BE} = {73F15A0A-E2A6-4EFD-A3E9-CB596D0A5AEB}
		{DCFDE216-8DCE-4949-9E32-1AE8989E48A4} = {809A3329-1745-4F39-95E5-5E1E9D36D80E}
		{97FB1D7D-1DF1-4397-8AFA-234A4008551B} = {809A3329-1745-4F39-95E5-5E1E9D36D80E}
		{4AFE59A3-30EA-4F7A-AAE8-1CA6BC9AA713} = {809A3329-1745-4F39-95E5-5E1E9D36D80E}
		{251B97F0-85FE-4D15-965A-24CD7AEFE20C} = {C0CEEB4E-F33C-4C03-925E-9E8083A053C8}
		{C2636D18-8B25-4CBA-83F5-A8B5CFE469A5} = {C0CEEB4E-F33C-4C03-925E-9E8083A053C8}
		{E5C95F83-8D9A-4787-8B5E-C0A7713BB4FF} = {C0CEEB4E-F33C-4C03-925E-9E8083A053C8}
	EndGlobalSection
	GlobalSection(ExtensibilityGlobals) = postSolution
		SolutionGuid = {42C059E7-08CB-4E49-A608-CB4B5C8BB2C5}
	EndGlobalSection
EndGlobal
